
Microsoft Visual Studio Solution File, Format Version 12.00
# Visual Studio Version 16
VisualStudioVersion = 16.0.31321.278
MinimumVisualStudioVersion = 10.0.40219.1
Project("{2150E333-8FDC-42A3-9474-1A3956D46DE8}") = "Api", "Api", "{2CE46491-67DD-4596-B566-C053FC929223}"
EndProject
Project("{2150E333-8FDC-42A3-9474-1A3956D46DE8}") = "Report", "Report", "{D6B811F7-EC5A-470C-8564-975369917C6F}"
EndProject
Project("{F14B399A-7131-4C87-9E4B-1186C45EF12D}") = "MyReport", "MyReport\MyReport.rptproj", "{10D34E82-D0D6-4FB3-9B28-C7076C85C8A6}"
EndProject
Project("{9A19103F-16F7-4668-BE54-9A1E7A4F7556}") = "MyApi.Core", "MyApi.Core\MyApi.Core.csproj", "{DC334EFD-B5F0-4A5D-8D82-BE758CD3A764}"
EndProject
Project("{9A19103F-16F7-4668-BE54-9A1E7A4F7556}") = "MyApi", "MyApi\MyApi.csproj", "{556803B8-5C88-41DA-9E5C-93AB24FEB3BB}"
EndProject
Project("{9A19103F-16F7-4668-BE54-9A1E7A4F7556}") = "MyApi.Data", "MyApi.Data\MyApi.Data.csproj", "{4E890EC9-811F-4415-B7EA-4B8E563711C7}"
EndProject
Project("{9A19103F-16F7-4668-BE54-9A1E7A4F7556}") = "MyApi.Line", "MyApi.Line\MyApi.Line.csproj", "{78F43F98-5EBB-436B-BC3B-612E497AFBFA}"
EndProject
Project("{2150E333-8FDC-42A3-9474-1A3956D46DE8}") = "WebMVC", "WebMVC", "{9D3FB653-CC2B-493B-AA6E-76091B2080FB}"
EndProject
Project("{9A19103F-16F7-4668-BE54-9A1E7A4F7556}") = "MyWeb", "MyWeb\MyWeb.csproj", "{16E0157C-3469-4335-90FF-6BCC64691370}"
EndProject
Project("{2150E333-8FDC-42A3-9474-1A3956D46DE8}") = "Scheduler", "Scheduler", "{B3197E8A-AAB0-41D0-A232-A546F735D302}"
EndProject
Project("{9A19103F-16F7-4668-BE54-9A1E7A4F7556}") = "MyApi.Scheduler", "MyApi.Scheduler\MyApi.Scheduler.csproj", "{CB2B24AE-1708-41D7-BB00-91F51236B4A3}"
EndProject
Project("{2150E333-8FDC-42A3-9474-1A3956D46DE8}") = "WinForm", "WinForm", "{039A91F5-C67F-4814-960E-8686F8C881D1}"
EndProject
Project("{9A19103F-16F7-4668-BE54-9A1E7A4F7556}") = "My.Wpf", "My.Wcf\My.Wpf.csproj", "{069E6F37-5C23-4B55-9790-ACA5C2468A7E}"
EndProject
Project("{2150E333-8FDC-42A3-9474-1A3956D46DE8}") = "Solution Items", "Solution Items", "{B455A18B-B848-4DF4-AAFC-28D39219473A}"
	ProjectSection(SolutionItems) = preProject
		TextFile1.txt = TextFile1.txt
	EndProjectSection
EndProject
Project("{2150E333-8FDC-42A3-9474-1A3956D46DE8}") = "TESTReport", "TESTReport", "{4A46B3BB-F10A-4590-9609-9D28F4264EAB}"
EndProject
Global
	GlobalSection(SolutionConfigurationPlatforms) = preSolution
		Debug|Any CPU = Debug|Any CPU
		DebugLocal|Any CPU = DebugLocal|Any CPU
		Release|Any CPU = Release|Any CPU
	EndGlobalSection
	GlobalSection(ProjectConfigurationPlatforms) = postSolution
		{10D34E82-D0D6-4FB3-9B28-C7076C85C8A6}.Debug|Any CPU.ActiveCfg = Debug
		{10D34E82-D0D6-4FB3-9B28-C7076C85C8A6}.Debug|Any CPU.Build.0 = Debug
		{10D34E82-D0D6-4FB3-9B28-C7076C85C8A6}.Debug|Any CPU.Deploy.0 = Debug
		{10D34E82-D0D6-4FB3-9B28-C7076C85C8A6}.DebugLocal|Any CPU.ActiveCfg = DebugLocal
		{10D34E82-D0D6-4FB3-9B28-C7076C85C8A6}.DebugLocal|Any CPU.Build.0 = DebugLocal
		{10D34E82-D0D6-4FB3-9B28-C7076C85C8A6}.DebugLocal|Any CPU.Deploy.0 = DebugLocal
		{10D34E82-D0D6-4FB3-9B28-C7076C85C8A6}.Release|Any CPU.ActiveCfg = Release
		{10D34E82-D0D6-4FB3-9B28-C7076C85C8A6}.Release|Any CPU.Build.0 = Release
		{10D34E82-D0D6-4FB3-9B28-C7076C85C8A6}.Release|Any CPU.Deploy.0 = Release
		{DC334EFD-B5F0-4A5D-8D82-BE758CD3A764}.Debug|Any CPU.ActiveCfg = Debug|Any CPU
		{DC334EFD-B5F0-4A5D-8D82-BE758CD3A764}.Debug|Any CPU.Build.0 = Debug|Any CPU
		{DC334EFD-B5F0-4A5D-8D82-BE758CD3A764}.DebugLocal|Any CPU.ActiveCfg = Debug|Any CPU
		{DC334EFD-B5F0-4A5D-8D82-BE758CD3A764}.DebugLocal|Any CPU.Build.0 = Debug|Any CPU
		{DC334EFD-B5F0-4A5D-8D82-BE758CD3A764}.Release|Any CPU.ActiveCfg = Release|Any CPU
		{DC334EFD-B5F0-4A5D-8D82-BE758CD3A764}.Release|Any CPU.Build.0 = Release|Any CPU
		{556803B8-5C88-41DA-9E5C-93AB24FEB3BB}.Debug|Any CPU.ActiveCfg = Debug|Any CPU
		{556803B8-5C88-41DA-9E5C-93AB24FEB3BB}.Debug|Any CPU.Build.0 = Debug|Any CPU
		{556803B8-5C88-41DA-9E5C-93AB24FEB3BB}.DebugLocal|Any CPU.ActiveCfg = Debug|Any CPU
		{556803B8-5C88-41DA-9E5C-93AB24FEB3BB}.DebugLocal|Any CPU.Build.0 = Debug|Any CPU
		{556803B8-5C88-41DA-9E5C-93AB24FEB3BB}.Release|Any CPU.ActiveCfg = Release|Any CPU
		{556803B8-5C88-41DA-9E5C-93AB24FEB3BB}.Release|Any CPU.Build.0 = Release|Any CPU
		{4E890EC9-811F-4415-B7EA-4B8E563711C7}.Debug|Any CPU.ActiveCfg = Debug|Any CPU
		{4E890EC9-811F-4415-B7EA-4B8E563711C7}.Debug|Any CPU.Build.0 = Debug|Any CPU
		{4E890EC9-811F-4415-B7EA-4B8E563711C7}.DebugLocal|Any CPU.ActiveCfg = Debug|Any CPU
		{4E890EC9-811F-4415-B7EA-4B8E563711C7}.DebugLocal|Any CPU.Build.0 = Debug|Any CPU
		{4E890EC9-811F-4415-B7EA-4B8E563711C7}.Release|Any CPU.ActiveCfg = Release|Any CPU
		{4E890EC9-811F-4415-B7EA-4B8E563711C7}.Release|Any CPU.Build.0 = Release|Any CPU
		{78F43F98-5EBB-436B-BC3B-612E497AFBFA}.Debug|Any CPU.ActiveCfg = Debug|Any CPU
		{78F43F98-5EBB-436B-BC3B-612E497AFBFA}.Debug|Any CPU.Build.0 = Debug|Any CPU
		{78F43F98-5EBB-436B-BC3B-612E497AFBFA}.DebugLocal|Any CPU.ActiveCfg = Debug|Any CPU
		{78F43F98-5EBB-436B-BC3B-612E497AFBFA}.DebugLocal|Any CPU.Build.0 = Debug|Any CPU
		{78F43F98-5EBB-436B-BC3B-612E497AFBFA}.Release|Any CPU.ActiveCfg = Release|Any CPU
		{78F43F98-5EBB-436B-BC3B-612E497AFBFA}.Release|Any CPU.Build.0 = Release|Any CPU
		{16E0157C-3469-4335-90FF-6BCC64691370}.Debug|Any CPU.ActiveCfg = Debug|Any CPU
		{16E0157C-3469-4335-90FF-6BCC64691370}.Debug|Any CPU.Build.0 = Debug|Any CPU
		{16E0157C-3469-4335-90FF-6BCC64691370}.DebugLocal|Any CPU.ActiveCfg = Debug|Any CPU
		{16E0157C-3469-4335-90FF-6BCC64691370}.DebugLocal|Any CPU.Build.0 = Debug|Any CPU
		{16E0157C-3469-4335-90FF-6BCC64691370}.Release|Any CPU.ActiveCfg = Release|Any CPU
		{16E0157C-3469-4335-90FF-6BCC64691370}.Release|Any CPU.Build.0 = Release|Any CPU
		{CB2B24AE-1708-41D7-BB00-91F51236B4A3}.Debug|Any CPU.ActiveCfg = Debug|Any CPU
		{CB2B24AE-1708-41D7-BB00-91F51236B4A3}.Debug|Any CPU.Build.0 = Debug|Any CPU
		{CB2B24AE-1708-41D7-BB00-91F51236B4A3}.DebugLocal|Any CPU.ActiveCfg = Debug|Any CPU
		{CB2B24AE-1708-41D7-BB00-91F51236B4A3}.DebugLocal|Any CPU.Build.0 = Debug|Any CPU
		{CB2B24AE-1708-41D7-BB00-91F51236B4A3}.Release|Any CPU.ActiveCfg = Release|Any CPU
		{CB2B24AE-1708-41D7-BB00-91F51236B4A3}.Release|Any CPU.Build.0 = Release|Any CPU
		{069E6F37-5C23-4B55-9790-ACA5C2468A7E}.Debug|Any CPU.ActiveCfg = Debug|Any CPU
		{069E6F37-5C23-4B55-9790-ACA5C2468A7E}.Debug|Any CPU.Build.0 = Debug|Any CPU
		{069E6F37-5C23-4B55-9790-ACA5C2468A7E}.DebugLocal|Any CPU.ActiveCfg = Debug|Any CPU
		{069E6F37-5C23-4B55-9790-ACA5C2468A7E}.DebugLocal|Any CPU.Build.0 = Debug|Any CPU
		{069E6F37-5C23-4B55-9790-ACA5C2468A7E}.Release|Any CPU.ActiveCfg = Release|Any CPU
		{069E6F37-5C23-4B55-9790-ACA5C2468A7E}.Release|Any CPU.Build.0 = Release|Any CPU
	EndGlobalSection
	GlobalSection(SolutionProperties) = preSolution
		HideSolutionNode = FALSE
	EndGlobalSection
	GlobalSection(NestedProjects) = preSolution
		{10D34E82-D0D6-4FB3-9B28-C7076C85C8A6} = {D6B811F7-EC5A-470C-8564-975369917C6F}
		{DC334EFD-B5F0-4A5D-8D82-BE758CD3A764} = {2CE46491-67DD-4596-B566-C053FC929223}
		{556803B8-5C88-41DA-9E5C-93AB24FEB3BB} = {2CE46491-67DD-4596-B566-C053FC929223}
		{4E890EC9-811F-4415-B7EA-4B8E563711C7} = {2CE46491-67DD-4596-B566-C053FC929223}
		{78F43F98-5EBB-436B-BC3B-612E497AFBFA} = {2CE46491-67DD-4596-B566-C053FC929223}
		{16E0157C-3469-4335-90FF-6BCC64691370} = {9D3FB653-CC2B-493B-AA6E-76091B2080FB}
		{CB2B24AE-1708-41D7-BB00-91F51236B4A3} = {B3197E8A-AAB0-41D0-A232-A546F735D302}
		{069E6F37-5C23-4B55-9790-ACA5C2468A7E} = {039A91F5-C67F-4814-960E-8686F8C881D1}
	EndGlobalSection
	GlobalSection(ExtensibilityGlobals) = postSolution
		SolutionGuid = {D31CCFD0-3FDC-42D8-81E2-17BAA82925B0}
	EndGlobalSection
EndGlobal
